
Microsoft Visual Studio Solution File, Format Version 12.00
# Visual Studio 15
VisualStudioVersion = 15.0.28307.271
MinimumVisualStudioVersion = 10.0.40219.1
Project("{FAE04EC0-301F-11D3-BF4B-00C04F79EFBC}") = "Ubersnek", "Ubersnek.csproj", "{AD153458-A526-4148-A751-535561E80872}"
EndProject
Global
	GlobalSection(SolutionConfigurationPlatforms) = preSolution
		Debug|Any CPU = Debug|Any CPU
		Release|Any CPU = Release|Any CPU
	EndGlobalSection
	GlobalSection(ProjectConfigurationPlatforms) = postSolution
		{AD153458-A526-4148-A751-535561E80872}.Debug|Any CPU.ActiveCfg = Debug|Any CPU
		{AD153458-A526-4148-A751-535561E80872}.Debug|Any CPU.Build.0 = Debug|Any CPU
		{AD153458-A526-4148-A751-535561E80872}.Release|Any CPU.ActiveCfg = Release|Any CPU
		{AD153458-A526-4148-A751-535561E80872}.Release|Any CPU.Build.0 = Release|Any CPU
	EndGlobalSection
	GlobalSection(SolutionProperties) = preSolution
		HideSolutionNode = FALSE
	EndGlobalSection
	GlobalSection(ExtensibilityGlobals) = postSolution
		SolutionGuid = {ABB0FBE6-BDA9-484A-BFE4-C3B00A4EABD7}
	EndGlobalSection
EndGlobal
